// !$*UTF8*$!
{
	archiveVersion = 1;
	classes = {
	};
	objectVersion = 46;
	objects = {

/* Begin PBXBuildFile section */
		BF2197811DE28D1400573E13 /* main.m in Sources */ = {isa = PBXBuildFile; fileRef = BF2197801DE28D1400573E13 /* main.m */; };
		BF2197841DE28D1400573E13 /* AppDelegate.m in Sources */ = {isa = PBXBuildFile; fileRef = BF2197831DE28D1400573E13 /* AppDelegate.m */; };
		BF2197871DE28D1400573E13 /* ViewController.m in Sources */ = {isa = PBXBuildFile; fileRef = BF2197861DE28D1400573E13 /* ViewController.m */; };
		BF21978A1DE28D1400573E13 /* Main.storyboard in Resources */ = {isa = PBXBuildFile; fileRef = BF2197881DE28D1400573E13 /* Main.storyboard */; };
		BF21978C1DE28D1400573E13 /* Assets.xcassets in Resources */ = {isa = PBXBuildFile; fileRef = BF21978B1DE28D1400573E13 /* Assets.xcassets */; };
		BF21978F1DE28D1400573E13 /* LaunchScreen.storyboard in Resources */ = {isa = PBXBuildFile; fileRef = BF21978D1DE28D1400573E13 /* LaunchScreen.storyboard */; };
/* End PBXBuildFile section */

/* Begin PBXFileReference section */
		BF21977C1DE28D1400573E13 /* AppLibs.app */ = {isa = PBXFileReference; explicitFileType = wrapper.application; includeInIndex = 0; path = AppLibs.app; sourceTree = BUILT_PRODUCTS_DIR; };
		BF2197801DE28D1400573E13 /* main.m */ = {isa = PBXFileReference; lastKnownFileType = sourcecode.c.objc; path = main.m; sourceTree = "<group>"; };
		BF2197821DE28D1400573E13 /* AppDelegate.h */ = {isa = PBXFileReference; lastKnownFileType = sourcecode.c.h; path = AppDelegate.h; sourceTree = "<group>"; };
		BF2197831DE28D1400573E13 /* AppDelegate.m */ = {isa = PBXFileReference; lastKnownFileType = sourcecode.c.objc; path = AppDelegate.m; sourceTree = "<group>"; };
		BF2197851DE28D1400573E13 /* ViewController.h */ = {isa = PBXFileReference; lastKnownFileType = sourcecode.c.h; path = ViewController.h; sourceTree = "<group>"; };
		BF2197861DE28D1400573E13 /* ViewController.m */ = {isa = PBXFileReference; lastKnownFileType = sourcecode.c.objc; path = ViewController.m; sourceTree = "<group>"; };
		BF2197891DE28D1400573E13 /* Base */ = {isa = PBXFileReference; lastKnownFileType = file.storyboard; name = Base; path = Base.lproj/Main.storyboard; sourceTree = "<group>"; };
		BF21978B1DE28D1400573E13 /* Assets.xcassets */ = {isa = PBXFileReference; lastKnownFileType = folder.assetcatalog; path = Assets.xcassets; sourceTree = "<group>"; };
		BF21978E1DE28D1400573E13 /* Base */ = {isa = PBXFileReference; lastKnownFileType = file.storyboard; name = Base; path = Base.lproj/LaunchScreen.storyboard; sourceTree = "<group>"; };
		BF2197901DE28D1400573E13 /* Info.plist */ = {isa = PBXFileReference; lastKnownFileType = text.plist.xml; path = Info.plist; sourceTree = "<group>"; };
/* End PBXFileReference section */

/* Begin PBXFrameworksBuildPhase section */
		BF2197791DE28D1400573E13 /* Frameworks */ = {
			isa = PBXFrameworksBuildPhase;
			buildActionMask = 2147483647;
			files = (
			);
			runOnlyForDeploymentPostprocessing = 0;
		};
/* End PBXFrameworksBuildPhase section */

/* Begin PBXGroup section */
		BF2197731DE28D1400573E13 = {
			isa = PBXGroup;
			children = (
				BF21977E1DE28D1400573E13 /* AppLibs */,
				BF21977D1DE28D1400573E13 /* Products */,
			);
			sourceTree = "<group>";
		};
		BF21977D1DE28D1400573E13 /* Products */ = {
			isa = PBXGroup;
			children = (
				BF21977C1DE28D1400573E13 /* AppLibs.app */,
			);
			name = Products;
			sourceTree = "<group>";
		};
		BF21977E1DE28D1400573E13 /* AppLibs */ = {
			isa = PBXGroup;
			children = (
				BF2197821DE28D1400573E13 /* AppDelegate.h */,
				BF2197831DE28D1400573E13 /* AppDelegate.m */,
				BF2197851DE28D1400573E13 /* ViewController.h */,
				BF2197861DE28D1400573E13 /* ViewController.m */,
				BF2197881DE28D1400573E13 /* Main.storyboard */,
				BF21978B1DE28D1400573E13 /* Assets.xcassets */,
				BF21978D1DE28D1400573E13 /* LaunchScreen.storyboard */,
				BF2197901DE28D1400573E13 /* Info.plist */,
				BF21977F1DE28D1400573E13 /* Supporting Files */,
			);
			path = AppLibs;
			sourceTree = "<group>";
		};
		BF21977F1DE28D1400573E13 /* Supporting Files */ = {
			isa = PBXGroup;
			children = (
				BF2197801DE28D1400573E13 /* main.m */,
			);
			name = "Supporting Files";
			sourceTree = "<group>";
		};
/* End PBXGroup section */

/* Begin PBXNativeTarget section */
		BF21977B1DE28D1400573E13 /* AppLibs */ = {
			isa = PBXNativeTarget;
			buildConfigurationList = BF2197931DE28D1400573E13 /* Build configuration list for PBXNativeTarget "AppLibs" */;
			buildPhases = (
				BF2197781DE28D1400573E13 /* Sources */,
				BF2197791DE28D1400573E13 /* Frameworks */,
				BF21977A1DE28D1400573E13 /* Resources */,
			);
			buildRules = (
			);
			dependencies = (
			);
			name = AppLibs;
			productName = AppLibs;
			productReference = BF21977C1DE28D1400573E13 /* AppLibs.app */;
			productType = "com.apple.product-type.application";
		};
/* End PBXNativeTarget section */

/* Begin PBXProject section */
		BF2197741DE28D1400573E13 /* Project object */ = {
			isa = PBXProject;
			attributes = {
				LastUpgradeCheck = 0810;
				ORGANIZATIONNAME = "gener-tech";
				TargetAttributes = {
					BF21977B1DE28D1400573E13 = {
						CreatedOnToolsVersion = 8.1;
						ProvisioningStyle = Automatic;
					};
				};
			};
			buildConfigurationList = BF2197771DE28D1400573E13 /* Build configuration list for PBXProject "AppLibs" */;
			compatibilityVersion = "Xcode 3.2";
			developmentRegion = English;
			hasScannedForEncodings = 0;
			knownRegions = (
				en,
				Base,
			);
			mainGroup = BF2197731DE28D1400573E13;
			productRefGroup = BF21977D1DE28D1400573E13 /* Products */;
			projectDirPath = "";
			projectRoot = "";
			targets = (
				BF21977B1DE28D1400573E13 /* AppLibs */,
			);
		};
/* End PBXProject section */

/* Begin PBXResourcesBuildPhase section */
		BF21977A1DE28D1400573E13 /* Resources */ = {
			isa = PBXResourcesBuildPhase;
			buildActionMask = 2147483647;
			files = (
				BF21978F1DE28D1400573E13 /* LaunchScreen.storyboard in Resources */,
				BF21978C1DE28D1400573E13 /* Assets.xcassets in Resources */,
				BF21978A1DE28D1400573E13 /* Main.storyboard in Resources */,
			);
			runOnlyForDeploymentPostprocessing = 0;
		};
/* End PBXResourcesBuildPhase section */

/* Begin PBXSourcesBuildPhase section */
		BF2197781DE28D1400573E13 /* Sources */ = {
			isa = PBXSourcesBuildPhase;
			buildActionMask = 2147483647;
			files = (
				BF2197871DE28D1400573E13 /* ViewController.m in Sources */,
				BF2197841DE28D1400573E13 /* AppDelegate.m in Sources */,
				BF2197811DE28D1400573E13 /* main.m in Sources */,
			);
			runOnlyForDeploymentPostprocessing = 0;
		};
/* End PBXSourcesBuildPhase section */

/* Begin PBXVariantGroup section */
		BF2197881DE28D1400573E13 /* Main.storyboard */ = {
			isa = PBXVariantGroup;
			children = (
				BF2197891DE28D1400573E13 /* Base */,
			);
			name = Main.storyboard;
			sourceTree = "<group>";
		};
		BF21978D1DE28D1400573E13 /* LaunchScreen.storyboard */ = {
			isa = PBXVariantGroup;
			children = (
				BF21978E1DE28D1400573E13 /* Base */,
			);
			name = LaunchScreen.storyboard;
			sourceTree = "<group>";
		};
/* End PBXVariantGroup section */

/* Begin XCBuildConfiguration section */
		BF2197911DE28D1400573E13 /* Debug */ = {
			isa = XCBuildConfiguration;
			buildSettings = {
				ALWAYS_SEARCH_USER_PATHS = NO;
				CLANG_ANALYZER_NONNULL = YES;
				CLANG_CXX_LANGUAGE_STANDARD = "gnu++0x";
				CLANG_CXX_LIBRARY = "libc++";
				CLANG_ENABLE_MODULES = YES;
				CLANG_ENABLE_OBJC_ARC = YES;
				CLANG_WARN_BOOL_CONVERSION = YES;
				CLANG_WARN_CONSTANT_CONVERSION = YES;
				CLANG_WARN_DIRECT_OBJC_ISA_USAGE = YES_ERROR;
				CLANG_WARN_DOCUMENTATION_COMMENTS = YES;
				CLANG_WARN_EMPTY_BODY = YES;
				CLANG_WARN_ENUM_CONVERSION = YES;
				CLANG_WARN_INFINITE_RECURSION = YES;
				CLANG_WARN_INT_CONVERSION = YES;
				CLANG_WARN_OBJC_ROOT_CLASS = YES_ERROR;
				CLANG_WARN_SUSPICIOUS_MOVES = YES;
				CLANG_WARN_UNREACHABLE_CODE = YES;
				CLANG_WARN__DUPLICATE_METHOD_MATCH = YES;
				"CODE_SIGN_IDENTITY[sdk=iphoneos*]" = "iPhone Developer";
				COPY_PHASE_STRIP = NO;
				DEBUG_INFORMATION_FORMAT = dwarf;
				ENABLE_STRICT_OBJC_MSGSEND = YES;
				ENABLE_TESTABILITY = YES;
				GCC_C_LANGUAGE_STANDARD = gnu99;
				GCC_DYNAMIC_NO_PIC = NO;
				GCC_NO_COMMON_BLOCKS = YES;
				GCC_OPTIMIZATION_LEVEL = 0;
				GCC_PREPROCESSOR_DEFINITIONS = (
					"DEBUG=1",
					"$(inherited)",
				);
				GCC_WARN_64_TO_32_BIT_CONVERSION = YES;
				GCC_WARN_ABOUT_RETURN_TYPE = YES_ERROR;
				GCC_WARN_UNDECLARED_SELECTOR = YES;
				GCC_WARN_UNINITIALIZED_AUTOS = YES_AGGRESSIVE;
				GCC_WARN_UNUSED_FUNCTION = YES;
				GCC_WARN_UNUSED_VARIABLE = YES;
				IPHONEOS_DEPLOYMENT_TARGET = 10.1;
				MTL_ENABLE_DEBUG_INFO = YES;
				ONLY_ACTIVE_ARCH = YES;
				SDKROOT = iphoneos;
				TARGETED_DEVICE_FAMILY = "1,2";
			};
			name = Debug;
		};
		BF2197921DE28D1400573E13 /* Release */ = {
			isa = XCBuildConfiguration;
			buildSettings = {
				ALWAYS_SEARCH_USER_PATHS = NO;
				CLANG_ANALYZER_NONNULL = YES;
				CLANG_CXX_LANGUAGE_STANDARD = "gnu++0x";
				CLANG_CXX_LIBRARY = "libc++";
				CLANG_ENABLE_MODULES = YES;
				CLANG_ENABLE_OBJC_ARC = YES;
				CLANG_WARN_BOOL_CONVERSION = YES;
				CLANG_WARN_CONSTANT_CONVERSION = YES;
				CLANG_WARN_DIRECT_OBJC_ISA_USAGE = YES_ERROR;
				CLANG_WARN_DOCUMENTATION_COMMENTS = YES;
				CLANG_WARN_EMPTY_BODY = YES;
				CLANG_WARN_ENUM_CONVERSION = YES;
				CLANG_WARN_INFINITE_RECURSION = YES;
				CLANG_WARN_INT_CONVERSION = YES;
				CLANG_WARN_OBJC_ROOT_CLASS = YES_ERROR;
				CLANG_WARN_SUSPICIOUS_MOVES = YES;
				CLANG_WARN_UNREACHABLE_CODE = YES;
				CLANG_WARN__DUPLICATE_METHOD_MATCH = YES;
				"CODE_SIGN_IDENTITY[sdk=iphoneos*]" = "iPhone Developer";
				COPY_PHASE_STRIP = NO;
				DEBUG_INFORMATION_FORMAT = "dwarf-with-dsym";
				ENABLE_NS_ASSERTIONS = NO;
				ENABLE_STRICT_OBJC_MSGSEND = YES;
				GCC_C_LANGUAGE_STANDARD = gnu99;
				GCC_NO_COMMON_BLOCKS = YES;
				GCC_WARN_64_TO_32_BIT_CONVERSION = YES;
				GCC_WARN_ABOUT_RETURN_TYPE = YES_ERROR;
				GCC_WARN_UNDECLARED_SELECTOR = YES;
				GCC_WARN_UNINITIALIZED_AUTOS = YES_AGGRESSIVE;
				GCC_WARN_UNUSED_FUNCTION = YES;
				GCC_WARN_UNUSED_VARIABLE = YES;
				IPHONEOS_DEPLOYMENT_TARGET = 10.1;
				MTL_ENABLE_DEBUG_INFO = NO;
				SDKROOT = iphoneos;
				TARGETED_DEVICE_FAMILY = "1,2";
				VALIDATE_PRODUCT = YES;
			};
			name = Release;
		};
		BF2197941DE28D1400573E13 /* Debug */ = {
			isa = XCBuildConfiguration;
			buildSettings = {
				ASSETCATALOG_COMPILER_APPICON_NAME = AppIcon;
				INFOPLIST_FILE = AppLibs/Info.plist;
				LD_RUNPATH_SEARCH_PATHS = "$(inherited) @executable_path/Frameworks";
				PRODUCT_BUNDLE_IDENTIFIER = "com.gener-tech-bj.AppLibs";
				PRODUCT_NAME = "$(TARGET_NAME)";
			};
			name = Debug;
		};
		BF2197951DE28D1400573E13 /* Release */ = {
			isa = XCBuildConfiguration;
			buildSettings = {
				ASSETCATALOG_COMPILER_APPICON_NAME = AppIcon;
				INFOPLIST_FILE = AppLibs/Info.plist;
				LD_RUNPATH_SEARCH_PATHS = "$(inherited) @executable_path/Frameworks";
				PRODUCT_BUNDLE_IDENTIFIER = "com.gener-tech-bj.AppLibs";
				PRODUCT_NAME = "$(TARGET_NAME)";
			};
			name = Release;
		};
/* End XCBuildConfiguration section */

/* Begin XCConfigurationList section */
		BF2197771DE28D1400573E13 /* Build configuration list for PBXProject "AppLibs" */ = {
			isa = XCConfigurationList;
			buildConfigurations = (
				BF2197911DE28D1400573E13 /* Debug */,
				BF2197921DE28D1400573E13 /* Release */,
			);
			defaultConfigurationIsVisible = 0;
			defaultConfigurationName = Release;
		};
		BF2197931DE28D1400573E13 /* Build configuration list for PBXNativeTarget "AppLibs" */ = {
			isa = XCConfigurationList;
			buildConfigurations = (
				BF2197941DE28D1400573E13 /* Debug */,
				BF2197951DE28D1400573E13 /* Release */,
			);
			defaultConfigurationIsVisible = 0;
		};
/* End XCConfigurationList section */
	};
	rootObject = BF2197741DE28D1400573E13 /* Project object */;
}
